
Microsoft Visual Studio Solution File, Format Version 12.00
# Visual Studio Version 16
VisualStudioVersion = 16.0.31105.61
MinimumVisualStudioVersion = 10.0.40219.1
Project("{FAE04EC0-301F-11D3-BF4B-00C04F79EFBC}") = "Site", "Site\Site.csproj", "{385FF0B9-2348-405C-AFCC-2C4DBC24E455}"
EndProject
Global
	GlobalSection(SolutionConfigurationPlatforms) = preSolution
		Debug|Any CPU = Debug|Any CPU
		Release|Any CPU = Release|Any CPU
	EndGlobalSection
	GlobalSection(ProjectConfigurationPlatforms) = postSolution
		{385FF0B9-2348-405C-AFCC-2C4DBC24E455}.Debug|Any CPU.ActiveCfg = Debug|Any CPU
		{385FF0B9-2348-405C-AFCC-2C4DBC24E455}.Debug|Any CPU.Build.0 = Debug|Any CPU
		{385FF0B9-2348-405C-AFCC-2C4DBC24E455}.Release|Any CPU.ActiveCfg = Release|Any CPU
		{385FF0B9-2348-405C-AFCC-2C4DBC24E455}.Release|Any CPU.Build.0 = Release|Any CPU
	EndGlobalSection
	GlobalSection(SolutionProperties) = preSolution
		HideSolutionNode = FALSE
	EndGlobalSection
	GlobalSection(ExtensibilityGlobals) = postSolution
		SolutionGuid = {742B6249-6C96-4C82-AE0A-BFA0166D4F44}
	EndGlobalSection
EndGlobal
